
Microsoft Visual Studio Solution File, Format Version 12.00
# Visual Studio Version 17
VisualStudioVersion = 17.1.32228.430
MinimumVisualStudioVersion = 10.0.40219.1
Project("{FAE04EC0-301F-11D3-BF4B-00C04F79EFBC}") = "Hotel-app", "Hotel-app\Hotel-app.csproj", "{ECBF4A69-A2BF-4C84-A785-96DA74BCA4DB}"
EndProject
Global
	GlobalSection(SolutionConfigurationPlatforms) = preSolution
		Debug|Any CPU = Debug|Any CPU
		Release|Any CPU = Release|Any CPU
	EndGlobalSection
	GlobalSection(ProjectConfigurationPlatforms) = postSolution
		{ECBF4A69-A2BF-4C84-A785-96DA74BCA4DB}.Debug|Any CPU.ActiveCfg = Debug|Any CPU
		{ECBF4A69-A2BF-4C84-A785-96DA74BCA4DB}.Debug|Any CPU.Build.0 = Debug|Any CPU
		{ECBF4A69-A2BF-4C84-A785-96DA74BCA4DB}.Release|Any CPU.ActiveCfg = Release|Any CPU
		{ECBF4A69-A2BF-4C84-A785-96DA74BCA4DB}.Release|Any CPU.Build.0 = Release|Any CPU
	EndGlobalSection
	GlobalSection(SolutionProperties) = preSolution
		HideSolutionNode = FALSE
	EndGlobalSection
	GlobalSection(ExtensibilityGlobals) = postSolution
		SolutionGuid = {DEDACF31-B0B8-4B39-8766-064CC0097D51}
	EndGlobalSection
EndGlobal
